// !$*UTF8*$!
{
	archiveVersion = 1;
	classes = {
	};
	objectVersion = 50;
	objects = {

/* Begin PBXBuildFile section */
		1246C961CE43A1BE5C0CD8A3 /* Pods_QuizApp.framework in Frameworks */ = {isa = PBXBuildFile; fileRef = 3E668FA17E5C938CC0953855 /* Pods_QuizApp.framework */; };
		520710A826221B5000DEB99B /* AppDelegate.swift in Sources */ = {isa = PBXBuildFile; fileRef = 520710A726221B5000DEB99B /* AppDelegate.swift */; };
		520710AA26221B5000DEB99B /* SceneDelegate.swift in Sources */ = {isa = PBXBuildFile; fileRef = 520710A926221B5000DEB99B /* SceneDelegate.swift */; };
		520710B126221B5200DEB99B /* Assets.xcassets in Resources */ = {isa = PBXBuildFile; fileRef = 520710B026221B5200DEB99B /* Assets.xcassets */; };
		520710B426221B5200DEB99B /* LaunchScreen.storyboard in Resources */ = {isa = PBXBuildFile; fileRef = 520710B226221B5200DEB99B /* LaunchScreen.storyboard */; };
		520AF4A826433E41007D24D9 /* QuizResultViewController.swift in Sources */ = {isa = PBXBuildFile; fileRef = 520AF4A726433E41007D24D9 /* QuizResultViewController.swift */; };
		520ED31A2642C70600DA27E7 /* QuizViewController.swift in Sources */ = {isa = PBXBuildFile; fileRef = 520ED3192642C70600DA27E7 /* QuizViewController.swift */; };
		520ED31D2642DBDC00DA27E7 /* QuestionTrackerView.swift in Sources */ = {isa = PBXBuildFile; fileRef = 520ED31C2642DBDC00DA27E7 /* QuestionTrackerView.swift */; };
		5222DC9D2626049B0063AE39 /* Pictures in Resources */ = {isa = PBXBuildFile; fileRef = 5222DC9C2626049B0063AE39 /* Pictures */; };
		522764C1262483FE00691585 /* LoginViewController.swift in Sources */ = {isa = PBXBuildFile; fileRef = 522764C0262483FE00691585 /* LoginViewController.swift */; };
		522764EB2624F6A500691585 /* QuizzesViewController.swift in Sources */ = {isa = PBXBuildFile; fileRef = 522764EA2624F6A500691585 /* QuizzesViewController.swift */; };
		52806A822626EEB20031245D /* LoginStatus.swift in Sources */ = {isa = PBXBuildFile; fileRef = 52806A7C2626EEB10031245D /* LoginStatus.swift */; };
		52806A832626EEB20031245D /* QuizCategory.swift in Sources */ = {isa = PBXBuildFile; fileRef = 52806A7D2626EEB10031245D /* QuizCategory.swift */; };
		52806A842626EEB20031245D /* Question.swift in Sources */ = {isa = PBXBuildFile; fileRef = 52806A7E2626EEB20031245D /* Question.swift */; };
		52806A852626EEB20031245D /* DataServiceProtocol.swift in Sources */ = {isa = PBXBuildFile; fileRef = 52806A7F2626EEB20031245D /* DataServiceProtocol.swift */; };
		52806A862626EEB20031245D /* DataService.swift in Sources */ = {isa = PBXBuildFile; fileRef = 52806A802626EEB20031245D /* DataService.swift */; };
		52806A872626EEB20031245D /* Quiz.swift in Sources */ = {isa = PBXBuildFile; fileRef = 52806A812626EEB20031245D /* Quiz.swift */; };
		5284C3B12663E46100151197 /* CoreDataStack.swift in Sources */ = {isa = PBXBuildFile; fileRef = 5284C3B02663E46100151197 /* CoreDataStack.swift */; };
		5284C3B42663E57B00151197 /* QuizDatabaseDataSource.swift in Sources */ = {isa = PBXBuildFile; fileRef = 5284C3B32663E57B00151197 /* QuizDatabaseDataSource.swift */; };
		5286E9B32662823D002EB276 /* iosVjestina.xcdatamodeld in Sources */ = {isa = PBXBuildFile; fileRef = 5286E9B12662823D002EB276 /* iosVjestina.xcdatamodeld */; };
		5286E9C4266291D1002EB276 /* CDQuiz+CoreDataClass.swift in Sources */ = {isa = PBXBuildFile; fileRef = 5286E9C0266291D1002EB276 /* CDQuiz+CoreDataClass.swift */; };
		5286E9C5266291D1002EB276 /* CDQuiz+CoreDataProperties.swift in Sources */ = {isa = PBXBuildFile; fileRef = 5286E9C1266291D1002EB276 /* CDQuiz+CoreDataProperties.swift */; };
		5286E9C6266291D1002EB276 /* CDQuestion+CoreDataClass.swift in Sources */ = {isa = PBXBuildFile; fileRef = 5286E9C2266291D1002EB276 /* CDQuestion+CoreDataClass.swift */; };
		5286E9C7266291D1002EB276 /* CDQuestion+CoreDataProperties.swift in Sources */ = {isa = PBXBuildFile; fileRef = 5286E9C3266291D1002EB276 /* CDQuestion+CoreDataProperties.swift */; };
		5286E9CA2662934D002EB276 /* QuizNetworkDataSource.swift in Sources */ = {isa = PBXBuildFile; fileRef = 5286E9C92662934D002EB276 /* QuizNetworkDataSource.swift */; };
		529FE7C426501EC7003361B7 /* NetworkService.swift in Sources */ = {isa = PBXBuildFile; fileRef = 529FE7C326501EC7003361B7 /* NetworkService.swift */; };
		529FE7C726501F38003361B7 /* RequestError.swift in Sources */ = {isa = PBXBuildFile; fileRef = 529FE7C626501F38003361B7 /* RequestError.swift */; };
		529FE7CE26503E62003361B7 /* LoginResponse.swift in Sources */ = {isa = PBXBuildFile; fileRef = 529FE7CD26503E62003361B7 /* LoginResponse.swift */; };
		529FE7D126504FB6003361B7 /* QuizzesResponse.swift in Sources */ = {isa = PBXBuildFile; fileRef = 529FE7D026504FB6003361B7 /* QuizzesResponse.swift */; };
		52B608662645DFD600886E8B /* SettingsViewController.swift in Sources */ = {isa = PBXBuildFile; fileRef = 52B608652645DFD600886E8B /* SettingsViewController.swift */; };
		52B61A5026518CE7005C01BC /* ResultData.swift in Sources */ = {isa = PBXBuildFile; fileRef = 52B61A4F26518CE7005C01BC /* ResultData.swift */; };
/* End PBXBuildFile section */

/* Begin PBXFileReference section */
		292CBF49DFBD8094FAC5C10E /* Pods-QuizApp.release.xcconfig */ = {isa = PBXFileReference; includeInIndex = 1; lastKnownFileType = text.xcconfig; name = "Pods-QuizApp.release.xcconfig"; path = "Target Support Files/Pods-QuizApp/Pods-QuizApp.release.xcconfig"; sourceTree = "<group>"; };
		3E668FA17E5C938CC0953855 /* Pods_QuizApp.framework */ = {isa = PBXFileReference; explicitFileType = wrapper.framework; includeInIndex = 0; path = Pods_QuizApp.framework; sourceTree = BUILT_PRODUCTS_DIR; };
		520710A426221B5000DEB99B /* QuizApp.app */ = {isa = PBXFileReference; explicitFileType = wrapper.application; includeInIndex = 0; path = QuizApp.app; sourceTree = BUILT_PRODUCTS_DIR; };
		520710A726221B5000DEB99B /* AppDelegate.swift */ = {isa = PBXFileReference; lastKnownFileType = sourcecode.swift; path = AppDelegate.swift; sourceTree = "<group>"; };
		520710A926221B5000DEB99B /* SceneDelegate.swift */ = {isa = PBXFileReference; lastKnownFileType = sourcecode.swift; path = SceneDelegate.swift; sourceTree = "<group>"; };
		520710B026221B5200DEB99B /* Assets.xcassets */ = {isa = PBXFileReference; lastKnownFileType = folder.assetcatalog; path = Assets.xcassets; sourceTree = "<group>"; };
		520710B326221B5200DEB99B /* Base */ = {isa = PBXFileReference; lastKnownFileType = file.storyboard; name = Base; path = Base.lproj/LaunchScreen.storyboard; sourceTree = "<group>"; };
		520710B526221B5200DEB99B /* Info.plist */ = {isa = PBXFileReference; lastKnownFileType = text.plist.xml; path = Info.plist; sourceTree = "<group>"; };
		520AF4A726433E41007D24D9 /* QuizResultViewController.swift */ = {isa = PBXFileReference; lastKnownFileType = sourcecode.swift; path = QuizResultViewController.swift; sourceTree = "<group>"; };
		520ED3192642C70600DA27E7 /* QuizViewController.swift */ = {isa = PBXFileReference; lastKnownFileType = sourcecode.swift; path = QuizViewController.swift; sourceTree = "<group>"; };
		520ED31C2642DBDC00DA27E7 /* QuestionTrackerView.swift */ = {isa = PBXFileReference; lastKnownFileType = sourcecode.swift; path = QuestionTrackerView.swift; sourceTree = "<group>"; };
		5222DC9C2626049B0063AE39 /* Pictures */ = {isa = PBXFileReference; lastKnownFileType = folder; path = Pictures; sourceTree = "<group>"; };
		522764C0262483FE00691585 /* LoginViewController.swift */ = {isa = PBXFileReference; lastKnownFileType = sourcecode.swift; path = LoginViewController.swift; sourceTree = "<group>"; };
		522764EA2624F6A500691585 /* QuizzesViewController.swift */ = {isa = PBXFileReference; lastKnownFileType = sourcecode.swift; path = QuizzesViewController.swift; sourceTree = "<group>"; };
		52806A7C2626EEB10031245D /* LoginStatus.swift */ = {isa = PBXFileReference; fileEncoding = 4; lastKnownFileType = sourcecode.swift; path = LoginStatus.swift; sourceTree = "<group>"; };
		52806A7D2626EEB10031245D /* QuizCategory.swift */ = {isa = PBXFileReference; fileEncoding = 4; lastKnownFileType = sourcecode.swift; path = QuizCategory.swift; sourceTree = "<group>"; };
		52806A7E2626EEB20031245D /* Question.swift */ = {isa = PBXFileReference; fileEncoding = 4; lastKnownFileType = sourcecode.swift; path = Question.swift; sourceTree = "<group>"; };
		52806A7F2626EEB20031245D /* DataServiceProtocol.swift */ = {isa = PBXFileReference; fileEncoding = 4; lastKnownFileType = sourcecode.swift; path = DataServiceProtocol.swift; sourceTree = "<group>"; };
		52806A802626EEB20031245D /* DataService.swift */ = {isa = PBXFileReference; fileEncoding = 4; lastKnownFileType = sourcecode.swift; path = DataService.swift; sourceTree = "<group>"; };
		52806A812626EEB20031245D /* Quiz.swift */ = {isa = PBXFileReference; fileEncoding = 4; lastKnownFileType = sourcecode.swift; path = Quiz.swift; sourceTree = "<group>"; };
		5284C3B02663E46100151197 /* CoreDataStack.swift */ = {isa = PBXFileReference; lastKnownFileType = sourcecode.swift; path = CoreDataStack.swift; sourceTree = "<group>"; };
		5284C3B32663E57B00151197 /* QuizDatabaseDataSource.swift */ = {isa = PBXFileReference; lastKnownFileType = sourcecode.swift; path = QuizDatabaseDataSource.swift; sourceTree = "<group>"; };
		5286E9B22662823D002EB276 /* iosVjestina.xcdatamodel */ = {isa = PBXFileReference; lastKnownFileType = wrapper.xcdatamodel; path = iosVjestina.xcdatamodel; sourceTree = "<group>"; };
		5286E9C0266291D1002EB276 /* CDQuiz+CoreDataClass.swift */ = {isa = PBXFileReference; lastKnownFileType = sourcecode.swift; path = "CDQuiz+CoreDataClass.swift"; sourceTree = SOURCE_ROOT; };
		5286E9C1266291D1002EB276 /* CDQuiz+CoreDataProperties.swift */ = {isa = PBXFileReference; lastKnownFileType = sourcecode.swift; path = "CDQuiz+CoreDataProperties.swift"; sourceTree = SOURCE_ROOT; };
		5286E9C2266291D1002EB276 /* CDQuestion+CoreDataClass.swift */ = {isa = PBXFileReference; lastKnownFileType = sourcecode.swift; path = "CDQuestion+CoreDataClass.swift"; sourceTree = SOURCE_ROOT; };
		5286E9C3266291D1002EB276 /* CDQuestion+CoreDataProperties.swift */ = {isa = PBXFileReference; lastKnownFileType = sourcecode.swift; path = "CDQuestion+CoreDataProperties.swift"; sourceTree = SOURCE_ROOT; };
		5286E9C92662934D002EB276 /* QuizNetworkDataSource.swift */ = {isa = PBXFileReference; lastKnownFileType = sourcecode.swift; path = QuizNetworkDataSource.swift; sourceTree = "<group>"; };
		529FE7C326501EC7003361B7 /* NetworkService.swift */ = {isa = PBXFileReference; lastKnownFileType = sourcecode.swift; path = NetworkService.swift; sourceTree = "<group>"; };
		529FE7C626501F38003361B7 /* RequestError.swift */ = {isa = PBXFileReference; lastKnownFileType = sourcecode.swift; path = RequestError.swift; sourceTree = "<group>"; };
		529FE7CD26503E62003361B7 /* LoginResponse.swift */ = {isa = PBXFileReference; lastKnownFileType = sourcecode.swift; path = LoginResponse.swift; sourceTree = "<group>"; };
		529FE7D026504FB6003361B7 /* QuizzesResponse.swift */ = {isa = PBXFileReference; lastKnownFileType = sourcecode.swift; path = QuizzesResponse.swift; sourceTree = "<group>"; };
		52B608652645DFD600886E8B /* SettingsViewController.swift */ = {isa = PBXFileReference; lastKnownFileType = sourcecode.swift; path = SettingsViewController.swift; sourceTree = "<group>"; };
		52B61A4F26518CE7005C01BC /* ResultData.swift */ = {isa = PBXFileReference; lastKnownFileType = sourcecode.swift; path = ResultData.swift; sourceTree = "<group>"; };
		7021A85F9465CADA71F53631 /* Pods-QuizApp.debug.xcconfig */ = {isa = PBXFileReference; includeInIndex = 1; lastKnownFileType = text.xcconfig; name = "Pods-QuizApp.debug.xcconfig"; path = "Target Support Files/Pods-QuizApp/Pods-QuizApp.debug.xcconfig"; sourceTree = "<group>"; };
/* End PBXFileReference section */

/* Begin PBXFrameworksBuildPhase section */
		520710A126221B5000DEB99B /* Frameworks */ = {
			isa = PBXFrameworksBuildPhase;
			buildActionMask = 2147483647;
			files = (
				1246C961CE43A1BE5C0CD8A3 /* Pods_QuizApp.framework in Frameworks */,
			);
			runOnlyForDeploymentPostprocessing = 0;
		};
/* End PBXFrameworksBuildPhase section */

/* Begin PBXGroup section */
		5207109B26221B5000DEB99B = {
			isa = PBXGroup;
			children = (
				520710A626221B5000DEB99B /* QuizApp */,
				520710A526221B5000DEB99B /* Products */,
				5840CA90B80E0B1233F40C8E /* Pods */,
				7080DD56CDEC92775969CBD2 /* Frameworks */,
			);
			sourceTree = "<group>";
		};
		520710A526221B5000DEB99B /* Products */ = {
			isa = PBXGroup;
			children = (
				520710A426221B5000DEB99B /* QuizApp.app */,
			);
			name = Products;
			sourceTree = "<group>";
		};
		520710A626221B5000DEB99B /* QuizApp */ = {
			isa = PBXGroup;
			children = (
				5286E9B026628214002EB276 /* CoreData */,
				52806A802626EEB20031245D /* DataService.swift */,
				52806A7F2626EEB20031245D /* DataServiceProtocol.swift */,
				52806A7C2626EEB10031245D /* LoginStatus.swift */,
				52806A7E2626EEB20031245D /* Question.swift */,
				52806A812626EEB20031245D /* Quiz.swift */,
				52806A7D2626EEB10031245D /* QuizCategory.swift */,
				5222DC9C2626049B0063AE39 /* Pictures */,
				520710A726221B5000DEB99B /* AppDelegate.swift */,
				520710A926221B5000DEB99B /* SceneDelegate.swift */,
				520710B026221B5200DEB99B /* Assets.xcassets */,
				520710B226221B5200DEB99B /* LaunchScreen.storyboard */,
				520710B526221B5200DEB99B /* Info.plist */,
				522764C0262483FE00691585 /* LoginViewController.swift */,
				522764EA2624F6A500691585 /* QuizzesViewController.swift */,
				520ED3192642C70600DA27E7 /* QuizViewController.swift */,
				520ED31C2642DBDC00DA27E7 /* QuestionTrackerView.swift */,
				520AF4A726433E41007D24D9 /* QuizResultViewController.swift */,
				52B608652645DFD600886E8B /* SettingsViewController.swift */,
				529FE7C326501EC7003361B7 /* NetworkService.swift */,
				529FE7C626501F38003361B7 /* RequestError.swift */,
				529FE7CD26503E62003361B7 /* LoginResponse.swift */,
				529FE7D026504FB6003361B7 /* QuizzesResponse.swift */,
				52B61A4F26518CE7005C01BC /* ResultData.swift */,
				5286E9C92662934D002EB276 /* QuizNetworkDataSource.swift */,
			);
			path = QuizApp;
			sourceTree = "<group>";
		};
		5286E9B026628214002EB276 /* CoreData */ = {
			isa = PBXGroup;
			children = (
				5286E9C0266291D1002EB276 /* CDQuiz+CoreDataClass.swift */,
				5286E9C1266291D1002EB276 /* CDQuiz+CoreDataProperties.swift */,
				5286E9C2266291D1002EB276 /* CDQuestion+CoreDataClass.swift */,
				5286E9C3266291D1002EB276 /* CDQuestion+CoreDataProperties.swift */,
				5286E9B12662823D002EB276 /* iosVjestina.xcdatamodeld */,
				5284C3B02663E46100151197 /* CoreDataStack.swift */,
				5284C3B32663E57B00151197 /* QuizDatabaseDataSource.swift */,
			);
			path = CoreData;
			sourceTree = "<group>";
		};
		5840CA90B80E0B1233F40C8E /* Pods */ = {
			isa = PBXGroup;
			children = (
				7021A85F9465CADA71F53631 /* Pods-QuizApp.debug.xcconfig */,
				292CBF49DFBD8094FAC5C10E /* Pods-QuizApp.release.xcconfig */,
			);
			path = Pods;
			sourceTree = "<group>";
		};
		7080DD56CDEC92775969CBD2 /* Frameworks */ = {
			isa = PBXGroup;
			children = (
				3E668FA17E5C938CC0953855 /* Pods_QuizApp.framework */,
			);
			name = Frameworks;
			sourceTree = "<group>";
		};
/* End PBXGroup section */

/* Begin PBXNativeTarget section */
		520710A326221B5000DEB99B /* QuizApp */ = {
			isa = PBXNativeTarget;
			buildConfigurationList = 520710B826221B5200DEB99B /* Build configuration list for PBXNativeTarget "QuizApp" */;
			buildPhases = (
				D2E1C2E787ABC252ADE983F5 /* [CP] Check Pods Manifest.lock */,
				520710A026221B5000DEB99B /* Sources */,
				520710A126221B5000DEB99B /* Frameworks */,
				520710A226221B5000DEB99B /* Resources */,
			);
			buildRules = (
			);
			dependencies = (
			);
			name = QuizApp;
			productName = QuizApp;
			productReference = 520710A426221B5000DEB99B /* QuizApp.app */;
			productType = "com.apple.product-type.application";
		};
/* End PBXNativeTarget section */

/* Begin PBXProject section */
		5207109C26221B5000DEB99B /* Project object */ = {
			isa = PBXProject;
			attributes = {
				LastSwiftUpdateCheck = 1240;
				LastUpgradeCheck = 1240;
				TargetAttributes = {
					520710A326221B5000DEB99B = {
						CreatedOnToolsVersion = 12.4;
					};
				};
			};
			buildConfigurationList = 5207109F26221B5000DEB99B /* Build configuration list for PBXProject "QuizApp" */;
			compatibilityVersion = "Xcode 9.3";
			developmentRegion = en;
			hasScannedForEncodings = 0;
			knownRegions = (
				en,
				Base,
			);
			mainGroup = 5207109B26221B5000DEB99B;
			productRefGroup = 520710A526221B5000DEB99B /* Products */;
			projectDirPath = "";
			projectRoot = "";
			targets = (
				520710A326221B5000DEB99B /* QuizApp */,
			);
		};
/* End PBXProject section */

/* Begin PBXResourcesBuildPhase section */
		520710A226221B5000DEB99B /* Resources */ = {
			isa = PBXResourcesBuildPhase;
			buildActionMask = 2147483647;
			files = (
				5222DC9D2626049B0063AE39 /* Pictures in Resources */,
				520710B426221B5200DEB99B /* LaunchScreen.storyboard in Resources */,
				520710B126221B5200DEB99B /* Assets.xcassets in Resources */,
			);
			runOnlyForDeploymentPostprocessing = 0;
		};
/* End PBXResourcesBuildPhase section */

/* Begin PBXShellScriptBuildPhase section */
		D2E1C2E787ABC252ADE983F5 /* [CP] Check Pods Manifest.lock */ = {
			isa = PBXShellScriptBuildPhase;
			buildActionMask = 2147483647;
			files = (
			);
			inputFileListPaths = (
			);
			inputPaths = (
				"${PODS_PODFILE_DIR_PATH}/Podfile.lock",
				"${PODS_ROOT}/Manifest.lock",
			);
			name = "[CP] Check Pods Manifest.lock";
			outputFileListPaths = (
			);
			outputPaths = (
				"$(DERIVED_FILE_DIR)/Pods-QuizApp-checkManifestLockResult.txt",
			);
			runOnlyForDeploymentPostprocessing = 0;
			shellPath = /bin/sh;
			shellScript = "diff \"${PODS_PODFILE_DIR_PATH}/Podfile.lock\" \"${PODS_ROOT}/Manifest.lock\" > /dev/null\nif [ $? != 0 ] ; then\n    # print error to STDERR\n    echo \"error: The sandbox is not in sync with the Podfile.lock. Run 'pod install' or update your CocoaPods installation.\" >&2\n    exit 1\nfi\n# This output is used by Xcode 'outputs' to avoid re-running this script phase.\necho \"SUCCESS\" > \"${SCRIPT_OUTPUT_FILE_0}\"\n";
			showEnvVarsInLog = 0;
		};
/* End PBXShellScriptBuildPhase section */

/* Begin PBXSourcesBuildPhase section */
		520710A026221B5000DEB99B /* Sources */ = {
			isa = PBXSourcesBuildPhase;
			buildActionMask = 2147483647;
			files = (
				5286E9C7266291D1002EB276 /* CDQuestion+CoreDataProperties.swift in Sources */,
				529FE7C726501F38003361B7 /* RequestError.swift in Sources */,
				52806A862626EEB20031245D /* DataService.swift in Sources */,
				522764C1262483FE00691585 /* LoginViewController.swift in Sources */,
				52806A852626EEB20031245D /* DataServiceProtocol.swift in Sources */,
				52806A822626EEB20031245D /* LoginStatus.swift in Sources */,
				5286E9C5266291D1002EB276 /* CDQuiz+CoreDataProperties.swift in Sources */,
				52806A832626EEB20031245D /* QuizCategory.swift in Sources */,
				520AF4A826433E41007D24D9 /* QuizResultViewController.swift in Sources */,
				520710A826221B5000DEB99B /* AppDelegate.swift in Sources */,
				52806A872626EEB20031245D /* Quiz.swift in Sources */,
				5286E9C6266291D1002EB276 /* CDQuestion+CoreDataClass.swift in Sources */,
				520ED31A2642C70600DA27E7 /* QuizViewController.swift in Sources */,
				52B608662645DFD600886E8B /* SettingsViewController.swift in Sources */,
				5286E9B32662823D002EB276 /* iosVjestina.xcdatamodeld in Sources */,
				529FE7C426501EC7003361B7 /* NetworkService.swift in Sources */,
				522764EB2624F6A500691585 /* QuizzesViewController.swift in Sources */,
				52806A842626EEB20031245D /* Question.swift in Sources */,
				520710AA26221B5000DEB99B /* SceneDelegate.swift in Sources */,
				5284C3B12663E46100151197 /* CoreDataStack.swift in Sources */,
				5286E9C4266291D1002EB276 /* CDQuiz+CoreDataClass.swift in Sources */,
				5284C3B42663E57B00151197 /* QuizDatabaseDataSource.swift in Sources */,
				529FE7CE26503E62003361B7 /* LoginResponse.swift in Sources */,
				52B61A5026518CE7005C01BC /* ResultData.swift in Sources */,
				5286E9CA2662934D002EB276 /* QuizNetworkDataSource.swift in Sources */,
				529FE7D126504FB6003361B7 /* QuizzesResponse.swift in Sources */,
				520ED31D2642DBDC00DA27E7 /* QuestionTrackerView.swift in Sources */,
			);
			runOnlyForDeploymentPostprocessing = 0;
		};
/* End PBXSourcesBuildPhase section */

/* Begin PBXVariantGroup section */
		520710B226221B5200DEB99B /* LaunchScreen.storyboard */ = {
			isa = PBXVariantGroup;
			children = (
				520710B326221B5200DEB99B /* Base */,
			);
			name = LaunchScreen.storyboard;
			sourceTree = "<group>";
		};
/* End PBXVariantGroup section */

/* Begin XCBuildConfiguration section */
		520710B626221B5200DEB99B /* Debug */ = {
			isa = XCBuildConfiguration;
			buildSettings = {
				ALWAYS_SEARCH_USER_PATHS = NO;
				CLANG_ANALYZER_NONNULL = YES;
				CLANG_ANALYZER_NUMBER_OBJECT_CONVERSION = YES_AGGRESSIVE;
				CLANG_CXX_LANGUAGE_STANDARD = "gnu++14";
				CLANG_CXX_LIBRARY = "libc++";
				CLANG_ENABLE_MODULES = YES;
				CLANG_ENABLE_OBJC_ARC = YES;
				CLANG_ENABLE_OBJC_WEAK = YES;
				CLANG_WARN_BLOCK_CAPTURE_AUTORELEASING = YES;
				CLANG_WARN_BOOL_CONVERSION = YES;
				CLANG_WARN_COMMA = YES;
				CLANG_WARN_CONSTANT_CONVERSION = YES;
				CLANG_WARN_DEPRECATED_OBJC_IMPLEMENTATIONS = YES;
				CLANG_WARN_DIRECT_OBJC_ISA_USAGE = YES_ERROR;
				CLANG_WARN_DOCUMENTATION_COMMENTS = YES;
				CLANG_WARN_EMPTY_BODY = YES;
				CLANG_WARN_ENUM_CONVERSION = YES;
				CLANG_WARN_INFINITE_RECURSION = YES;
				CLANG_WARN_INT_CONVERSION = YES;
				CLANG_WARN_NON_LITERAL_NULL_CONVERSION = YES;
				CLANG_WARN_OBJC_IMPLICIT_RETAIN_SELF = YES;
				CLANG_WARN_OBJC_LITERAL_CONVERSION = YES;
				CLANG_WARN_OBJC_ROOT_CLASS = YES_ERROR;
				CLANG_WARN_QUOTED_INCLUDE_IN_FRAMEWORK_HEADER = YES;
				CLANG_WARN_RANGE_LOOP_ANALYSIS = YES;
				CLANG_WARN_STRICT_PROTOTYPES = YES;
				CLANG_WARN_SUSPICIOUS_MOVE = YES;
				CLANG_WARN_UNGUARDED_AVAILABILITY = YES_AGGRESSIVE;
				CLANG_WARN_UNREACHABLE_CODE = YES;
				CLANG_WARN__DUPLICATE_METHOD_MATCH = YES;
				COPY_PHASE_STRIP = NO;
				DEBUG_INFORMATION_FORMAT = dwarf;
				ENABLE_STRICT_OBJC_MSGSEND = YES;
				ENABLE_TESTABILITY = YES;
				GCC_C_LANGUAGE_STANDARD = gnu11;
				GCC_DYNAMIC_NO_PIC = NO;
				GCC_NO_COMMON_BLOCKS = YES;
				GCC_OPTIMIZATION_LEVEL = 0;
				GCC_PREPROCESSOR_DEFINITIONS = (
					"DEBUG=1",
					"$(inherited)",
				);
				GCC_WARN_64_TO_32_BIT_CONVERSION = YES;
				GCC_WARN_ABOUT_RETURN_TYPE = YES_ERROR;
				GCC_WARN_UNDECLARED_SELECTOR = YES;
				GCC_WARN_UNINITIALIZED_AUTOS = YES_AGGRESSIVE;
				GCC_WARN_UNUSED_FUNCTION = YES;
				GCC_WARN_UNUSED_VARIABLE = YES;
				IPHONEOS_DEPLOYMENT_TARGET = 14.4;
				MTL_ENABLE_DEBUG_INFO = INCLUDE_SOURCE;
				MTL_FAST_MATH = YES;
				ONLY_ACTIVE_ARCH = YES;
				SDKROOT = iphoneos;
				SWIFT_ACTIVE_COMPILATION_CONDITIONS = DEBUG;
				SWIFT_OPTIMIZATION_LEVEL = "-Onone";
			};
			name = Debug;
		};
		520710B726221B5200DEB99B /* Release */ = {
			isa = XCBuildConfiguration;
			buildSettings = {
				ALWAYS_SEARCH_USER_PATHS = NO;
				CLANG_ANALYZER_NONNULL = YES;
				CLANG_ANALYZER_NUMBER_OBJECT_CONVERSION = YES_AGGRESSIVE;
				CLANG_CXX_LANGUAGE_STANDARD = "gnu++14";
				CLANG_CXX_LIBRARY = "libc++";
				CLANG_ENABLE_MODULES = YES;
				CLANG_ENABLE_OBJC_ARC = YES;
				CLANG_ENABLE_OBJC_WEAK = YES;
				CLANG_WARN_BLOCK_CAPTURE_AUTORELEASING = YES;
				CLANG_WARN_BOOL_CONVERSION = YES;
				CLANG_WARN_COMMA = YES;
				CLANG_WARN_CONSTANT_CONVERSION = YES;
				CLANG_WARN_DEPRECATED_OBJC_IMPLEMENTATIONS = YES;
				CLANG_WARN_DIRECT_OBJC_ISA_USAGE = YES_ERROR;
				CLANG_WARN_DOCUMENTATION_COMMENTS = YES;
				CLANG_WARN_EMPTY_BODY = YES;
				CLANG_WARN_ENUM_CONVERSION = YES;
				CLANG_WARN_INFINITE_RECURSION = YES;
				CLANG_WARN_INT_CONVERSION = YES;
				CLANG_WARN_NON_LITERAL_NULL_CONVERSION = YES;
				CLANG_WARN_OBJC_IMPLICIT_RETAIN_SELF = YES;
				CLANG_WARN_OBJC_LITERAL_CONVERSION = YES;
				CLANG_WARN_OBJC_ROOT_CLASS = YES_ERROR;
				CLANG_WARN_QUOTED_INCLUDE_IN_FRAMEWORK_HEADER = YES;
				CLANG_WARN_RANGE_LOOP_ANALYSIS = YES;
				CLANG_WARN_STRICT_PROTOTYPES = YES;
				CLANG_WARN_SUSPICIOUS_MOVE = YES;
				CLANG_WARN_UNGUARDED_AVAILABILITY = YES_AGGRESSIVE;
				CLANG_WARN_UNREACHABLE_CODE = YES;
				CLANG_WARN__DUPLICATE_METHOD_MATCH = YES;
				COPY_PHASE_STRIP = NO;
				DEBUG_INFORMATION_FORMAT = "dwarf-with-dsym";
				ENABLE_NS_ASSERTIONS = NO;
				ENABLE_STRICT_OBJC_MSGSEND = YES;
				GCC_C_LANGUAGE_STANDARD = gnu11;
				GCC_NO_COMMON_BLOCKS = YES;
				GCC_WARN_64_TO_32_BIT_CONVERSION = YES;
				GCC_WARN_ABOUT_RETURN_TYPE = YES_ERROR;
				GCC_WARN_UNDECLARED_SELECTOR = YES;
				GCC_WARN_UNINITIALIZED_AUTOS = YES_AGGRESSIVE;
				GCC_WARN_UNUSED_FUNCTION = YES;
				GCC_WARN_UNUSED_VARIABLE = YES;
				IPHONEOS_DEPLOYMENT_TARGET = 14.4;
				MTL_ENABLE_DEBUG_INFO = NO;
				MTL_FAST_MATH = YES;
				SDKROOT = iphoneos;
				SWIFT_COMPILATION_MODE = wholemodule;
				SWIFT_OPTIMIZATION_LEVEL = "-O";
				VALIDATE_PRODUCT = YES;
			};
			name = Release;
		};
		520710B926221B5200DEB99B /* Debug */ = {
			isa = XCBuildConfiguration;
			baseConfigurationReference = 7021A85F9465CADA71F53631 /* Pods-QuizApp.debug.xcconfig */;
			buildSettings = {
				ASSETCATALOG_COMPILER_APPICON_NAME = AppIcon;
				ASSETCATALOG_COMPILER_GLOBAL_ACCENT_COLOR_NAME = AccentColor;
				CODE_SIGN_STYLE = Automatic;
				INFOPLIST_FILE = QuizApp/Info.plist;
				LD_RUNPATH_SEARCH_PATHS = (
					"$(inherited)",
					"@executable_path/Frameworks",
				);
				PRODUCT_BUNDLE_IDENTIFIER = hr.fer.nekic.filip.QuizApp;
				PRODUCT_NAME = "$(TARGET_NAME)";
				SWIFT_VERSION = 5.0;
				TARGETED_DEVICE_FAMILY = "1,2";
			};
			name = Debug;
		};
		520710BA26221B5200DEB99B /* Release */ = {
			isa = XCBuildConfiguration;
			baseConfigurationReference = 292CBF49DFBD8094FAC5C10E /* Pods-QuizApp.release.xcconfig */;
			buildSettings = {
				ASSETCATALOG_COMPILER_APPICON_NAME = AppIcon;
				ASSETCATALOG_COMPILER_GLOBAL_ACCENT_COLOR_NAME = AccentColor;
				CODE_SIGN_STYLE = Automatic;
				INFOPLIST_FILE = QuizApp/Info.plist;
				LD_RUNPATH_SEARCH_PATHS = (
					"$(inherited)",
					"@executable_path/Frameworks",
				);
				PRODUCT_BUNDLE_IDENTIFIER = hr.fer.nekic.filip.QuizApp;
				PRODUCT_NAME = "$(TARGET_NAME)";
				SWIFT_VERSION = 5.0;
				TARGETED_DEVICE_FAMILY = "1,2";
			};
			name = Release;
		};
/* End XCBuildConfiguration section */

/* Begin XCConfigurationList section */
		5207109F26221B5000DEB99B /* Build configuration list for PBXProject "QuizApp" */ = {
			isa = XCConfigurationList;
			buildConfigurations = (
				520710B626221B5200DEB99B /* Debug */,
				520710B726221B5200DEB99B /* Release */,
			);
			defaultConfigurationIsVisible = 0;
			defaultConfigurationName = Release;
		};
		520710B826221B5200DEB99B /* Build configuration list for PBXNativeTarget "QuizApp" */ = {
			isa = XCConfigurationList;
			buildConfigurations = (
				520710B926221B5200DEB99B /* Debug */,
				520710BA26221B5200DEB99B /* Release */,
			);
			defaultConfigurationIsVisible = 0;
			defaultConfigurationName = Release;
		};
/* End XCConfigurationList section */

/* Begin XCVersionGroup section */
		5286E9B12662823D002EB276 /* iosVjestina.xcdatamodeld */ = {
			isa = XCVersionGroup;
			children = (
				5286E9B22662823D002EB276 /* iosVjestina.xcdatamodel */,
			);
			currentVersion = 5286E9B22662823D002EB276 /* iosVjestina.xcdatamodel */;
			path = iosVjestina.xcdatamodeld;
			sourceTree = "<group>";
			versionGroupType = wrapper.xcdatamodel;
		};
/* End XCVersionGroup section */
	};
	rootObject = 5207109C26221B5000DEB99B /* Project object */;
}
